// !$*UTF8*$!
{
	archiveVersion = 1;
	classes = {
	};
	objectVersion = 77;
	objects = {

/* Begin PBXBuildFile section */
		BE9645162F0C61CB00106712 /* RealityKit.framework in Frameworks */ = {isa = PBXBuildFile; fileRef = BE9645152F0C61CB00106712 /* RealityKit.framework */; };
/* End PBXBuildFile section */

/* Begin PBXContainerItemProxy section */
		BEB8ED7F2FC358D30084F602 /* PBXContainerItemProxy */ = {
			isa = PBXContainerItemProxy;
			containerPortal = BEFCB2D72EF9E25D0097CBEE /* Project object */;
			proxyType = 1;
			remoteGlobalIDString = BEFCB2DE2EF9E25D0097CBEE;
			remoteInfo = iPhonePhotogrammetryApp;
		};
		BEFCB2F22EF9E25F0097CBEE /* PBXContainerItemProxy */ = {
			isa = PBXContainerItemProxy;
			containerPortal = BEFCB2D72EF9E25D0097CBEE /* Project object */;
			proxyType = 1;
			remoteGlobalIDString = BEFCB2DE2EF9E25D0097CBEE;
			remoteInfo = iPhonePhotogrammetryApp;
		};
		BEFCB2FC2EF9E25F0097CBEE /* PBXContainerItemProxy */ = {
			isa = PBXContainerItemProxy;
			containerPortal = BEFCB2D72EF9E25D0097CBEE /* Project object */;
			proxyType = 1;
			remoteGlobalIDString = BEFCB2DE2EF9E25D0097CBEE;
			remoteInfo = iPhonePhotogrammetryApp;
		};
/* End PBXContainerItemProxy section */

/* Begin PBXFileReference section */
		BE9645152F0C61CB00106712 /* RealityKit.framework */ = {isa = PBXFileReference; lastKnownFileType = wrapper.framework; name = RealityKit.framework; path = System/Library/Frameworks/RealityKit.framework; sourceTree = SDKROOT; };
		BEB6507A2F8E61BF00FAB3C7 /* MacVisionBuilder.app */ = {isa = PBXFileReference; explicitFileType = wrapper.application; includeInIndex = 0; path = MacVisionBuilder.app; sourceTree = BUILT_PRODUCTS_DIR; };
		BEFCB2DF2EF9E25D0097CBEE /* iPhonePhotogrammetryApp.app */ = {isa = PBXFileReference; explicitFileType = wrapper.application; includeInIndex = 0; path = iPhonePhotogrammetryApp.app; sourceTree = BUILT_PRODUCTS_DIR; };
		BEFCB2F12EF9E25F0097CBEE /* iPhonePhotogrammetryAppTests.xctest */ = {isa = PBXFileReference; explicitFileType = wrapper.cfbundle; includeInIndex = 0; path = iPhonePhotogrammetryAppTests.xctest; sourceTree = BUILT_PRODUCTS_DIR; };
		BEFCB2FB2EF9E25F0097CBEE /* iPhonePhotogrammetryAppUITests.xctest */ = {isa = PBXFileReference; explicitFileType = wrapper.cfbundle; includeInIndex = 0; path = iPhonePhotogrammetryAppUITests.xctest; sourceTree = BUILT_PRODUCTS_DIR; };
/* End PBXFileReference section */

/* Begin PBXFileSystemSynchronizedBuildFileExceptionSet section */
		BEB650892F8E638F00FAB3C7 /* Exceptions for "iPhonePhotogrammetryApp" folder in "MacVisionBuilder" target */ = {
			isa = PBXFileSystemSynchronizedBuildFileExceptionSet;
			membershipExceptions = (
				Models/DepthDataStore.swift,
				Models/MeshRefiner.swift,
				Models/TransferEngine.swift,
			);
			target = BEB650792F8E61BF00FAB3C7 /* MacVisionBuilder */;
		};
		BEB6508D2F8E67B000FAB3C7 /* Exceptions for "iPhonePhotogrammetryApp" folder in "iPhonePhotogrammetryApp" target */ = {
			isa = PBXFileSystemSynchronizedBuildFileExceptionSet;
			membershipExceptions = (
				Info.plist,
			);
			target = BEFCB2DE2EF9E25D0097CBEE /* iPhonePhotogrammetryApp */;
		};
		BEB6508F2F8E67EC00FAB3C7 /* Exceptions for "MacVisionBuilder" folder in "MacVisionBuilder" target */ = {
			isa = PBXFileSystemSynchronizedBuildFileExceptionSet;
			membershipExceptions = (
				Info.plist,
			);
			target = BEB650792F8E61BF00FAB3C7 /* MacVisionBuilder */;
		};
/* End PBXFileSystemSynchronizedBuildFileExceptionSet section */

/* Begin PBXFileSystemSynchronizedRootGroup section */
		BEB6507B2F8E61BF00FAB3C7 /* MacVisionBuilder */ = {
			isa = PBXFileSystemSynchronizedRootGroup;
			exceptions = (
				BEB6508F2F8E67EC00FAB3C7 /* Exceptions for "MacVisionBuilder" folder in "MacVisionBuilder" target */,
			);
			path = MacVisionBuilder;
			sourceTree = "<group>";
		};
		BEFCB2E12EF9E25D0097CBEE /* iPhonePhotogrammetryApp */ = {
			isa = PBXFileSystemSynchronizedRootGroup;
			exceptions = (
				BEB6508D2F8E67B000FAB3C7 /* Exceptions for "iPhonePhotogrammetryApp" folder in "iPhonePhotogrammetryApp" target */,
				BEB650892F8E638F00FAB3C7 /* Exceptions for "iPhonePhotogrammetryApp" folder in "MacVisionBuilder" target */,
			);
			path = iPhonePhotogrammetryApp;
			sourceTree = "<group>";
		};
		BEFCB2F42EF9E25F0097CBEE /* iPhonePhotogrammetryAppTests */ = {
			isa = PBXFileSystemSynchronizedRootGroup;
			path = iPhonePhotogrammetryAppTests;
			sourceTree = "<group>";
		};
		BEFCB2FE2EF9E25F0097CBEE /* iPhonePhotogrammetryAppUITests */ = {
			isa = PBXFileSystemSynchronizedRootGroup;
			path = iPhonePhotogrammetryAppUITests;
			sourceTree = "<group>";
		};
/* End PBXFileSystemSynchronizedRootGroup section */

/* Begin PBXFrameworksBuildPhase section */
		BEB650772F8E61BF00FAB3C7 /* Frameworks */ = {
			isa = PBXFrameworksBuildPhase;
			buildActionMask = 2147483647;
			files = (
			);
			runOnlyForDeploymentPostprocessing = 0;
		};
		BEFCB2DC2EF9E25D0097CBEE /* Frameworks */ = {
			isa = PBXFrameworksBuildPhase;
			buildActionMask = 2147483647;
			files = (
				BE9645162F0C61CB00106712 /* RealityKit.framework in Frameworks */,
			);
			runOnlyForDeploymentPostprocessing = 0;
		};
		BEFCB2EE2EF9E25F0097CBEE /* Frameworks */ = {
			isa = PBXFrameworksBuildPhase;
			buildActionMask = 2147483647;
			files = (
			);
			runOnlyForDeploymentPostprocessing = 0;
		};
		BEFCB2F82EF9E25F0097CBEE /* Frameworks */ = {
			isa = PBXFrameworksBuildPhase;
			buildActionMask = 2147483647;
			files = (
			);
			runOnlyForDeploymentPostprocessing = 0;
		};
/* End PBXFrameworksBuildPhase section */

/* Begin PBXGroup section */
		BE9645142F0C61CB00106712 /* Frameworks */ = {
			isa = PBXGroup;
			children = (
				BE9645152F0C61CB00106712 /* RealityKit.framework */,
			);
			name = Frameworks;
			sourceTree = "<group>";
		};
		BEFCB2D62EF9E25D0097CBEE = {
			isa = PBXGroup;
			children = (
				BEFCB2E12EF9E25D0097CBEE /* iPhonePhotogrammetryApp */,
				BEFCB2F42EF9E25F0097CBEE /* iPhonePhotogrammetryAppTests */,
				BEFCB2FE2EF9E25F0097CBEE /* iPhonePhotogrammetryAppUITests */,
				BEB6507B2F8E61BF00FAB3C7 /* MacVisionBuilder */,
				BE9645142F0C61CB00106712 /* Frameworks */,
				BEFCB2E02EF9E25D0097CBEE /* Products */,
			);
			sourceTree = "<group>";
		};
		BEFCB2E02EF9E25D0097CBEE /* Products */ = {
			isa = PBXGroup;
			children = (
				BEFCB2DF2EF9E25D0097CBEE /* iPhonePhotogrammetryApp.app */,
				BEFCB2F12EF9E25F0097CBEE /* iPhonePhotogrammetryAppTests.xctest */,
				BEFCB2FB2EF9E25F0097CBEE /* iPhonePhotogrammetryAppUITests.xctest */,
				BEB6507A2F8E61BF00FAB3C7 /* MacVisionBuilder.app */,
			);
			name = Products;
			sourceTree = "<group>";
		};
/* End PBXGroup section */

/* Begin PBXNativeTarget section */
		BEB650792F8E61BF00FAB3C7 /* MacVisionBuilder */ = {
			isa = PBXNativeTarget;
			buildConfigurationList = BEB650832F8E61C000FAB3C7 /* Build configuration list for PBXNativeTarget "MacVisionBuilder" */;
			buildPhases = (
				BEB650762F8E61BF00FAB3C7 /* Sources */,
				BEB650772F8E61BF00FAB3C7 /* Frameworks */,
				BEB650782F8E61BF00FAB3C7 /* Resources */,
			);
			buildRules = (
			);
			dependencies = (
				BEB8ED802FC358D30084F602 /* PBXTargetDependency */,
			);
			fileSystemSynchronizedGroups = (
				BEB6507B2F8E61BF00FAB3C7 /* MacVisionBuilder */,
			);
			name = MacVisionBuilder;
			packageProductDependencies = (
			);
			productName = MacVisionBuilder;
			productReference = BEB6507A2F8E61BF00FAB3C7 /* MacVisionBuilder.app */;
			productType = "com.apple.product-type.application";
		};
		BEFCB2DE2EF9E25D0097CBEE /* iPhonePhotogrammetryApp */ = {
			isa = PBXNativeTarget;
			buildConfigurationList = BEFCB3052EF9E25F0097CBEE /* Build configuration list for PBXNativeTarget "iPhonePhotogrammetryApp" */;
			buildPhases = (
				BEFCB2DB2EF9E25D0097CBEE /* Sources */,
				BEFCB2DC2EF9E25D0097CBEE /* Frameworks */,
				BEFCB2DD2EF9E25D0097CBEE /* Resources */,
			);
			buildRules = (
			);
			dependencies = (
			);
			fileSystemSynchronizedGroups = (
				BEFCB2E12EF9E25D0097CBEE /* iPhonePhotogrammetryApp */,
			);
			name = iPhonePhotogrammetryApp;
			packageProductDependencies = (
			);
			productName = iPhonePhotogrammetryApp;
			productReference = BEFCB2DF2EF9E25D0097CBEE /* iPhonePhotogrammetryApp.app */;
			productType = "com.apple.product-type.application";
		};
		BEFCB2F02EF9E25F0097CBEE /* iPhonePhotogrammetryAppTests */ = {
			isa = PBXNativeTarget;
			buildConfigurationList = BEFCB3082EF9E25F0097CBEE /* Build configuration list for PBXNativeTarget "iPhonePhotogrammetryAppTests" */;
			buildPhases = (
				BEFCB2ED2EF9E25F0097CBEE /* Sources */,
				BEFCB2EE2EF9E25F0097CBEE /* Frameworks */,
				BEFCB2EF2EF9E25F0097CBEE /* Resources */,
			);
			buildRules = (
			);
			dependencies = (
				BEFCB2F32EF9E25F0097CBEE /* PBXTargetDependency */,
			);
			fileSystemSynchronizedGroups = (
				BEFCB2F42EF9E25F0097CBEE /* iPhonePhotogrammetryAppTests */,
			);
			name = iPhonePhotogrammetryAppTests;
			packageProductDependencies = (
			);
			productName = iPhonePhotogrammetryAppTests;
			productReference = BEFCB2F12EF9E25F0097CBEE /* iPhonePhotogrammetryAppTests.xctest */;
			productType = "com.apple.product-type.bundle.unit-test";
		};
		BEFCB2FA2EF9E25F0097CBEE /* iPhonePhotogrammetryAppUITests */ = {
			isa = PBXNativeTarget;
			buildConfigurationList = BEFCB30B2EF9E25F0097CBEE /* Build configuration list for PBXNativeTarget "iPhonePhotogrammetryAppUITests" */;
			buildPhases = (
				BEFCB2F72EF9E25F0097CBEE /* Sources */,
				BEFCB2F82EF9E25F0097CBEE /* Frameworks */,
				BEFCB2F92EF9E25F0097CBEE /* Resources */,
			);
			buildRules = (
			);
			dependencies = (
				BEFCB2FD2EF9E25F0097CBEE /* PBXTargetDependency */,
			);
			fileSystemSynchronizedGroups = (
				BEFCB2FE2EF9E25F0097CBEE /* iPhonePhotogrammetryAppUITests */,
			);
			name = iPhonePhotogrammetryAppUITests;
			packageProductDependencies = (
			);
			productName = iPhonePhotogrammetryAppUITests;
			productReference = BEFCB2FB2EF9E25F0097CBEE /* iPhonePhotogrammetryAppUITests.xctest */;
			productType = "com.apple.product-type.bundle.ui-testing";
		};
/* End PBXNativeTarget section */

/* Begin PBXProject section */
		BEFCB2D72EF9E25D0097CBEE /* Project object */ = {
			isa = PBXProject;
			attributes = {
				BuildIndependentTargetsInParallel = 1;
				LastSwiftUpdateCheck = 1640;
				LastUpgradeCheck = 1640;
				TargetAttributes = {
					BEB650792F8E61BF00FAB3C7 = {
						CreatedOnToolsVersion = 16.4;
					};
					BEFCB2DE2EF9E25D0097CBEE = {
						CreatedOnToolsVersion = 16.4;
					};
					BEFCB2F02EF9E25F0097CBEE = {
						CreatedOnToolsVersion = 16.4;
						TestTargetID = BEFCB2DE2EF9E25D0097CBEE;
					};
					BEFCB2FA2EF9E25F0097CBEE = {
						CreatedOnToolsVersion = 16.4;
						TestTargetID = BEFCB2DE2EF9E25D0097CBEE;
					};
				};
			};
			buildConfigurationList = BEFCB2DA2EF9E25D0097CBEE /* Build configuration list for PBXProject "iPhonePhotogrammetryApp" */;
			developmentRegion = en;
			hasScannedForEncodings = 0;
			knownRegions = (
				en,
				Base,
			);
			mainGroup = BEFCB2D62EF9E25D0097CBEE;
			minimizedProjectReferenceProxies = 1;
			preferredProjectObjectVersion = 77;
			productRefGroup = BEFCB2E02EF9E25D0097CBEE /* Products */;
			projectDirPath = "";
			projectRoot = "";
			targets = (
				BEFCB2DE2EF9E25D0097CBEE /* iPhonePhotogrammetryApp */,
				BEFCB2F02EF9E25F0097CBEE /* iPhonePhotogrammetryAppTests */,
				BEFCB2FA2EF9E25F0097CBEE /* iPhonePhotogrammetryAppUITests */,
				BEB650792F8E61BF00FAB3C7 /* MacVisionBuilder */,
			);
		};
/* End PBXProject section */

/* Begin PBXResourcesBuildPhase section */
		BEB650782F8E61BF00FAB3C7 /* Resources */ = {
			isa = PBXResourcesBuildPhase;
			buildActionMask = 2147483647;
			files = (
			);
			runOnlyForDeploymentPostprocessing = 0;
		};
		BEFCB2DD2EF9E25D0097CBEE /* Resources */ = {
			isa = PBXResourcesBuildPhase;
			buildActionMask = 2147483647;
			files = (
			);
			runOnlyForDeploymentPostprocessing = 0;
		};
		BEFCB2EF2EF9E25F0097CBEE /* Resources */ = {
			isa = PBXResourcesBuildPhase;
			buildActionMask = 2147483647;
			files = (
			);
			runOnlyForDeploymentPostprocessing = 0;
		};
		BEFCB2F92EF9E25F0097CBEE /* Resources */ = {
			isa = PBXResourcesBuildPhase;
			buildActionMask = 2147483647;
			files = (
			);
			runOnlyForDeploymentPostprocessing = 0;
		};
/* End PBXResourcesBuildPhase section */

/* Begin PBXSourcesBuildPhase section */
		BEB650762F8E61BF00FAB3C7 /* Sources */ = {
			isa = PBXSourcesBuildPhase;
			buildActionMask = 2147483647;
			files = (
			);
			runOnlyForDeploymentPostprocessing = 0;
		};
		BEFCB2DB2EF9E25D0097CBEE /* Sources */ = {
			isa = PBXSourcesBuildPhase;
			buildActionMask = 2147483647;
			files = (
			);
			runOnlyForDeploymentPostprocessing = 0;
		};
		BEFCB2ED2EF9E25F0097CBEE /* Sources */ = {
			isa = PBXSourcesBuildPhase;
			buildActionMask = 2147483647;
			files = (
			);
			runOnlyForDeploymentPostprocessing = 0;
		};
		BEFCB2F72EF9E25F0097CBEE /* Sources */ = {
			isa = PBXSourcesBuildPhase;
			buildActionMask = 2147483647;
			files = (
			);
			runOnlyForDeploymentPostprocessing = 0;
		};
/* End PBXSourcesBuildPhase section */

/* Begin PBXTargetDependency section */
		BEB8ED802FC358D30084F602 /* PBXTargetDependency */ = {
			isa = PBXTargetDependency;
			target = BEFCB2DE2EF9E25D0097CBEE /* iPhonePhotogrammetryApp */;
			targetProxy = BEB8ED7F2FC358D30084F602 /* PBXContainerItemProxy */;
		};
		BEFCB2F32EF9E25F0097CBEE /* PBXTargetDependency */ = {
			isa = PBXTargetDependency;
			target = BEFCB2DE2EF9E25D0097CBEE /* iPhonePhotogrammetryApp */;
			targetProxy = BEFCB2F22EF9E25F0097CBEE /* PBXContainerItemProxy */;
		};
		BEFCB2FD2EF9E25F0097CBEE /* PBXTargetDependency */ = {
			isa = PBXTargetDependency;
			target = BEFCB2DE2EF9E25D0097CBEE /* iPhonePhotogrammetryApp */;
			targetProxy = BEFCB2FC2EF9E25F0097CBEE /* PBXContainerItemProxy */;
		};
/* End PBXTargetDependency section */

/* Begin XCBuildConfiguration section */
		BEB650842F8E61C000FAB3C7 /* Debug */ = {
			isa = XCBuildConfiguration;
			buildSettings = {
				ASSETCATALOG_COMPILER_APPICON_NAME = AppIcon;
				ASSETCATALOG_COMPILER_GLOBAL_ACCENT_COLOR_NAME = AccentColor;
				CODE_SIGN_ENTITLEMENTS = MacVisionBuilder/MacVisionBuilder.entitlements;
				CODE_SIGN_STYLE = Automatic;
				COMBINE_HIDPI_IMAGES = YES;
				CURRENT_PROJECT_VERSION = 1;
				DEVELOPMENT_TEAM = XZUJA425Z6;
				ENABLE_PREVIEWS = YES;
				GENERATE_INFOPLIST_FILE = YES;
				INFOPLIST_FILE = MacVisionBuilder/Info.plist;
				INFOPLIST_KEY_NSCameraUsageDescription = "Camera is required to capture photos for 3D reconstruction.";
				INFOPLIST_KEY_NSHumanReadableCopyright = "";
				INFOPLIST_KEY_NSPhotoLibraryAddUsageDescription = "Save captured photos to your Photo Library for transfer to Mac.";
				LD_RUNPATH_SEARCH_PATHS = (
					"$(inherited)",
					"@executable_path/../Frameworks",
				);
				MACOSX_DEPLOYMENT_TARGET = 15.3;
				MARKETING_VERSION = 1.0;
				PRODUCT_BUNDLE_IDENTIFIER = Zimodro.MacVisionBuilder;
				PRODUCT_NAME = "$(TARGET_NAME)";
				REGISTER_APP_GROUPS = YES;
				SDKROOT = macosx;
				SWIFT_EMIT_LOC_STRINGS = YES;
				SWIFT_VERSION = 5.0;
			};
			name = Debug;
		};
		BEB650852F8E61C000FAB3C7 /* Release */ = {
			isa = XCBuildConfiguration;
			buildSettings = {
				ASSETCATALOG_COMPILER_APPICON_NAME = AppIcon;
				ASSETCATALOG_COMPILER_GLOBAL_ACCENT_COLOR_NAME = AccentColor;
				CODE_SIGN_ENTITLEMENTS = MacVisionBuilder/MacVisionBuilder.entitlements;
				CODE_SIGN_STYLE = Automatic;
				COMBINE_HIDPI_IMAGES = YES;
				CURRENT_PROJECT_VERSION = 1;
				DEVELOPMENT_TEAM = XZUJA425Z6;
				ENABLE_PREVIEWS = YES;
				GENERATE_INFOPLIST_FILE = YES;
				INFOPLIST_FILE = MacVisionBuilder/Info.plist;
				INFOPLIST_KEY_NSCameraUsageDescription = "Camera is required to capture photos for 3D reconstruction.";
				INFOPLIST_KEY_NSHumanReadableCopyright = "";
				INFOPLIST_KEY_NSPhotoLibraryAddUsageDescription = "Save captured photos to your Photo Library for transfer to Mac.";
				LD_RUNPATH_SEARCH_PATHS = (
					"$(inherited)",
					"@executable_path/../Frameworks",
				);
				MACOSX_DEPLOYMENT_TARGET = 15.3;
				MARKETING_VERSION = 1.0;
				PRODUCT_BUNDLE_IDENTIFIER = Zimodro.MacVisionBuilder;
				PRODUCT_NAME = "$(TARGET_NAME)";
				REGISTER_APP_GROUPS = YES;
				SDKROOT = macosx;
				SWIFT_EMIT_LOC_STRINGS = YES;
				SWIFT_VERSION = 5.0;
			};
			name = Release;
		};
		BEFCB3032EF9E25F0097CBEE /* Debug */ = {
			isa = XCBuildConfiguration;
			buildSettings = {
				ALWAYS_SEARCH_USER_PATHS = NO;
				ASSETCATALOG_COMPILER_GENERATE_SWIFT_ASSET_SYMBOL_EXTENSIONS = YES;
				CLANG_ANALYZER_NONNULL = YES;
				CLANG_ANALYZER_NUMBER_OBJECT_CONVERSION = YES_AGGRESSIVE;
				CLANG_CXX_LANGUAGE_STANDARD = "gnu++20";
				CLANG_ENABLE_MODULES = YES;
				CLANG_ENABLE_OBJC_ARC = YES;
				CLANG_ENABLE_OBJC_WEAK = YES;
				CLANG_WARN_BLOCK_CAPTURE_AUTORELEASING = YES;
				CLANG_WARN_BOOL_CONVERSION = YES;
				CLANG_WARN_COMMA = YES;
				CLANG_WARN_CONSTANT_CONVERSION = YES;
				CLANG_WARN_DEPRECATED_OBJC_IMPLEMENTATIONS = YES;
				CLANG_WARN_DIRECT_OBJC_ISA_USAGE = YES_ERROR;
				CLANG_WARN_DOCUMENTATION_COMMENTS = YES;
				CLANG_WARN_EMPTY_BODY = YES;
				CLANG_WARN_ENUM_CONVERSION = YES;
				CLANG_WARN_INFINITE_RECURSION = YES;
				CLANG_WARN_INT_CONVERSION = YES;
				CLANG_WARN_NON_LITERAL_NULL_CONVERSION = YES;
				CLANG_WARN_OBJC_IMPLICIT_RETAIN_SELF = YES;
				CLANG_WARN_OBJC_LITERAL_CONVERSION = YES;
				CLANG_WARN_OBJC_ROOT_CLASS = YES_ERROR;
				CLANG_WARN_QUOTED_INCLUDE_IN_FRAMEWORK_HEADER = YES;
				CLANG_WARN_RANGE_LOOP_ANALYSIS = YES;
				CLANG_WARN_STRICT_PROTOTYPES = YES;
				CLANG_WARN_SUSPICIOUS_MOVE = YES;
				CLANG_WARN_UNGUARDED_AVAILABILITY = YES_AGGRESSIVE;
				CLANG_WARN_UNREACHABLE_CODE = YES;
				CLANG_WARN__DUPLICATE_METHOD_MATCH = YES;
				COPY_PHASE_STRIP = NO;
				DEBUG_INFORMATION_FORMAT = dwarf;
				ENABLE_STRICT_OBJC_MSGSEND = YES;
				ENABLE_TESTABILITY = YES;
				ENABLE_USER_SCRIPT_SANDBOXING = YES;
				GCC_C_LANGUAGE_STANDARD = gnu17;
				GCC_DYNAMIC_NO_PIC = NO;
				GCC_NO_COMMON_BLOCKS = YES;
				GCC_OPTIMIZATION_LEVEL = 0;
				GCC_PREPROCESSOR_DEFINITIONS = (
					"DEBUG=1",
					"$(inherited)",
				);
				GCC_WARN_64_TO_32_BIT_CONVERSION = YES;
				GCC_WARN_ABOUT_RETURN_TYPE = YES_ERROR;
				GCC_WARN_UNDECLARED_SELECTOR = YES;
				GCC_WARN_UNINITIALIZED_AUTOS = YES_AGGRESSIVE;
				GCC_WARN_UNUSED_FUNCTION = YES;
				GCC_WARN_UNUSED_VARIABLE = YES;
				INFOPLIST_KEY_NSCameraUsageDescription = "Camera is required to capture photos for 3D reconstruction.";
				INFOPLIST_KEY_NSPhotoLibraryAddUsageDescription = "Save captured photos to your Photo Library for transfer to Mac.";
				IPHONEOS_DEPLOYMENT_TARGET = 18.5;
				LOCALIZATION_PREFERS_STRING_CATALOGS = YES;
				MTL_ENABLE_DEBUG_INFO = INCLUDE_SOURCE;
				MTL_FAST_MATH = YES;
				ONLY_ACTIVE_ARCH = YES;
				SDKROOT = iphoneos;
				SWIFT_ACTIVE_COMPILATION_CONDITIONS = "DEBUG $(inherited)";
				SWIFT_OPTIMIZATION_LEVEL = "-Onone";
			};
			name = Debug;
		};
		BEFCB3042EF9E25F0097CBEE /* Release */ = {
			isa = XCBuildConfiguration;
			buildSettings = {
				ALWAYS_SEARCH_USER_PATHS = NO;
				ASSETCATALOG_COMPILER_GENERATE_SWIFT_ASSET_SYMBOL_EXTENSIONS = YES;
				CLANG_ANALYZER_NONNULL = YES;
				CLANG_ANALYZER_NUMBER_OBJECT_CONVERSION = YES_AGGRESSIVE;
				CLANG_CXX_LANGUAGE_STANDARD = "gnu++20";
				CLANG_ENABLE_MODULES = YES;
				CLANG_ENABLE_OBJC_ARC = YES;
				CLANG_ENABLE_OBJC_WEAK = YES;
				CLANG_WARN_BLOCK_CAPTURE_AUTORELEASING = YES;
				CLANG_WARN_BOOL_CONVERSION = YES;
				CLANG_WARN_COMMA = YES;
				CLANG_WARN_CONSTANT_CONVERSION = YES;
				CLANG_WARN_DEPRECATED_OBJC_IMPLEMENTATIONS = YES;
				CLANG_WARN_DIRECT_OBJC_ISA_USAGE = YES_ERROR;
				CLANG_WARN_DOCUMENTATION_COMMENTS = YES;
				CLANG_WARN_EMPTY_BODY = YES;
				CLANG_WARN_ENUM_CONVERSION = YES;
				CLANG_WARN_INFINITE_RECURSION = YES;
				CLANG_WARN_INT_CONVERSION = YES;
				CLANG_WARN_NON_LITERAL_NULL_CONVERSION = YES;
				CLANG_WARN_OBJC_IMPLICIT_RETAIN_SELF = YES;
				CLANG_WARN_OBJC_LITERAL_CONVERSION = YES;
				CLANG_WARN_OBJC_ROOT_CLASS = YES_ERROR;
				CLANG_WARN_QUOTED_INCLUDE_IN_FRAMEWORK_HEADER = YES;
				CLANG_WARN_RANGE_LOOP_ANALYSIS = YES;
				CLANG_WARN_STRICT_PROTOTYPES = YES;
				CLANG_WARN_SUSPICIOUS_MOVE = YES;
				CLANG_WARN_UNGUARDED_AVAILABILITY = YES_AGGRESSIVE;
				CLANG_WARN_UNREACHABLE_CODE = YES;
				CLANG_WARN__DUPLICATE_METHOD_MATCH = YES;
				COPY_PHASE_STRIP = NO;
				DEBUG_INFORMATION_FORMAT = "dwarf-with-dsym";
				ENABLE_NS_ASSERTIONS = NO;
				ENABLE_STRICT_OBJC_MSGSEND = YES;
				ENABLE_USER_SCRIPT_SANDBOXING = YES;
				GCC_C_LANGUAGE_STANDARD = gnu17;
				GCC_NO_COMMON_BLOCKS = YES;
				GCC_WARN_64_TO_32_BIT_CONVERSION = YES;
				GCC_WARN_ABOUT_RETURN_TYPE = YES_ERROR;
				GCC_WARN_UNDECLARED_SELECTOR = YES;
				GCC_WARN_UNINITIALIZED_AUTOS = YES_AGGRESSIVE;
				GCC_WARN_UNUSED_FUNCTION = YES;
				GCC_WARN_UNUSED_VARIABLE = YES;
				INFOPLIST_KEY_NSCameraUsageDescription = "Camera is required to capture photos for 3D reconstruction.";
				INFOPLIST_KEY_NSPhotoLibraryAddUsageDescription = "Save captured photos to your Photo Library for transfer to Mac.";
				IPHONEOS_DEPLOYMENT_TARGET = 18.5;
				LOCALIZATION_PREFERS_STRING_CATALOGS = YES;
				MTL_ENABLE_DEBUG_INFO = NO;
				MTL_FAST_MATH = YES;
				SDKROOT = iphoneos;
				SWIFT_COMPILATION_MODE = wholemodule;
				VALIDATE_PRODUCT = YES;
			};
			name = Release;
		};
		BEFCB3062EF9E25F0097CBEE /* Debug */ = {
			isa = XCBuildConfiguration;
			buildSettings = {
				ASSETCATALOG_COMPILER_APPICON_NAME = AppIcon;
				ASSETCATALOG_COMPILER_GLOBAL_ACCENT_COLOR_NAME = AccentColor;
				CODE_SIGN_ENTITLEMENTS = iPhonePhotogrammetryApp/iPhonePhotogrammetryApp.entitlements;
				CODE_SIGN_STYLE = Automatic;
				CURRENT_PROJECT_VERSION = 1;
				DEVELOPMENT_TEAM = XZUJA425Z6;
				ENABLE_PREVIEWS = YES;
				GENERATE_INFOPLIST_FILE = YES;
				INFOPLIST_FILE = iPhonePhotogrammetryApp/Info.plist;
				INFOPLIST_KEY_NSCameraUsageDescription = "Camera is required to capture photos for 3D reconstruction.";
				INFOPLIST_KEY_NSLocalNetworkUsageDescription = "Required to beam 3D models to your Mac.";
				INFOPLIST_KEY_NSPhotoLibraryAddUsageDescription = "Save captured photos to your Photo Library for transfer to Mac.";
				INFOPLIST_KEY_UIApplicationSceneManifest_Generation = YES;
				INFOPLIST_KEY_UIApplicationSupportsIndirectInputEvents = YES;
				INFOPLIST_KEY_UILaunchScreen_Generation = YES;
				INFOPLIST_KEY_UISupportedInterfaceOrientations_iPad = "UIInterfaceOrientationPortrait UIInterfaceOrientationPortraitUpsideDown UIInterfaceOrientationLandscapeLeft UIInterfaceOrientationLandscapeRight";
				INFOPLIST_KEY_UISupportedInterfaceOrientations_iPhone = "UIInterfaceOrientationPortrait UIInterfaceOrientationLandscapeLeft UIInterfaceOrientationLandscapeRight";
				IPHONEOS_DEPLOYMENT_TARGET = 17.0;
				LD_RUNPATH_SEARCH_PATHS = (
					"$(inherited)",
					"@executable_path/Frameworks",
				);
				MARKETING_VERSION = 1.0;
				PRODUCT_BUNDLE_IDENTIFIER = Zimodro.iPhonePhotogrammetryApp;
				PRODUCT_NAME = "$(TARGET_NAME)";
				SUPPORTED_PLATFORMS = "iphoneos iphonesimulator";
				SUPPORTS_MACCATALYST = NO;
				SUPPORTS_MAC_DESIGNED_FOR_IPHONE_IPAD = NO;
				SUPPORTS_XR_DESIGNED_FOR_IPHONE_IPAD = NO;
				SWIFT_EMIT_LOC_STRINGS = YES;
				SWIFT_VERSION = 6.0;
				TARGETED_DEVICE_FAMILY = 1;
			};
			name = Debug;
		};
		BEFCB3072EF9E25F0097CBEE /* Release */ = {
			isa = XCBuildConfiguration;
			buildSettings = {
				ASSETCATALOG_COMPILER_APPICON_NAME = AppIcon;
				ASSETCATALOG_COMPILER_GLOBAL_ACCENT_COLOR_NAME = AccentColor;
				CODE_SIGN_ENTITLEMENTS = iPhonePhotogrammetryApp/iPhonePhotogrammetryApp.entitlements;
				CODE_SIGN_STYLE = Automatic;
				CURRENT_PROJECT_VERSION = 1;
				DEVELOPMENT_TEAM = XZUJA425Z6;
				ENABLE_PREVIEWS = YES;
				GENERATE_INFOPLIST_FILE = YES;
				INFOPLIST_FILE = iPhonePhotogrammetryApp/Info.plist;
				INFOPLIST_KEY_NSCameraUsageDescription = "Camera is required to capture photos for 3D reconstruction.";
				INFOPLIST_KEY_NSLocalNetworkUsageDescription = "Required to beam 3D models to your Mac.";
				INFOPLIST_KEY_NSPhotoLibraryAddUsageDescription = "Save captured photos to your Photo Library for transfer to Mac.";
				INFOPLIST_KEY_UIApplicationSceneManifest_Generation = YES;
				INFOPLIST_KEY_UIApplicationSupportsIndirectInputEvents = YES;
				INFOPLIST_KEY_UILaunchScreen_Generation = YES;
				INFOPLIST_KEY_UISupportedInterfaceOrientations_iPad = "UIInterfaceOrientationPortrait UIInterfaceOrientationPortraitUpsideDown UIInterfaceOrientationLandscapeLeft UIInterfaceOrientationLandscapeRight";
				INFOPLIST_KEY_UISupportedInterfaceOrientations_iPhone = "UIInterfaceOrientationPortrait UIInterfaceOrientationLandscapeLeft UIInterfaceOrientationLandscapeRight";
				IPHONEOS_DEPLOYMENT_TARGET = 17.0;
				LD_RUNPATH_SEARCH_PATHS = (
					"$(inherited)",
					"@executable_path/Frameworks",
				);
				MARKETING_VERSION = 1.0;
				PRODUCT_BUNDLE_IDENTIFIER = Zimodro.iPhonePhotogrammetryApp;
				PRODUCT_NAME = "$(TARGET_NAME)";
				SUPPORTED_PLATFORMS = "iphoneos iphonesimulator";
				SUPPORTS_MACCATALYST = NO;
				SUPPORTS_MAC_DESIGNED_FOR_IPHONE_IPAD = NO;
				SUPPORTS_XR_DESIGNED_FOR_IPHONE_IPAD = NO;
				SWIFT_EMIT_LOC_STRINGS = YES;
				SWIFT_VERSION = 6.0;
				TARGETED_DEVICE_FAMILY = 1;
			};
			name = Release;
		};
		BEFCB3092EF9E25F0097CBEE /* Debug */ = {
			isa = XCBuildConfiguration;
			buildSettings = {
				BUNDLE_LOADER = "$(TEST_HOST)";
				CODE_SIGN_STYLE = Automatic;
				CURRENT_PROJECT_VERSION = 1;
				GENERATE_INFOPLIST_FILE = YES;
				IPHONEOS_DEPLOYMENT_TARGET = 18.0;
				MARKETING_VERSION = 1.0;
				PRODUCT_BUNDLE_IDENTIFIER = Zimodro.iPhonePhotogrammetryAppTests;
				PRODUCT_NAME = "$(TARGET_NAME)";
				SWIFT_EMIT_LOC_STRINGS = NO;
				SWIFT_VERSION = 6.0;
				TARGETED_DEVICE_FAMILY = 1;
				TEST_HOST = "$(BUILT_PRODUCTS_DIR)/iPhonePhotogrammetryApp.app/$(BUNDLE_EXECUTABLE_FOLDER_PATH)/iPhonePhotogrammetryApp";
			};
			name = Debug;
		};
		BEFCB30A2EF9E25F0097CBEE /* Release */ = {
			isa = XCBuildConfiguration;
			buildSettings = {
				BUNDLE_LOADER = "$(TEST_HOST)";
				CODE_SIGN_STYLE = Automatic;
				CURRENT_PROJECT_VERSION = 1;
				GENERATE_INFOPLIST_FILE = YES;
				IPHONEOS_DEPLOYMENT_TARGET = 18.0;
				MARKETING_VERSION = 1.0;
				PRODUCT_BUNDLE_IDENTIFIER = Zimodro.iPhonePhotogrammetryAppTests;
				PRODUCT_NAME = "$(TARGET_NAME)";
				SWIFT_EMIT_LOC_STRINGS = NO;
				SWIFT_VERSION = 6.0;
				TARGETED_DEVICE_FAMILY = 1;
				TEST_HOST = "$(BUILT_PRODUCTS_DIR)/iPhonePhotogrammetryApp.app/$(BUNDLE_EXECUTABLE_FOLDER_PATH)/iPhonePhotogrammetryApp";
			};
			name = Release;
		};
		BEFCB30C2EF9E25F0097CBEE /* Debug */ = {
			isa = XCBuildConfiguration;
			buildSettings = {
				CODE_SIGN_STYLE = Automatic;
				CURRENT_PROJECT_VERSION = 1;
				GENERATE_INFOPLIST_FILE = YES;
				MARKETING_VERSION = 1.0;
				PRODUCT_BUNDLE_IDENTIFIER = Zimodro.iPhonePhotogrammetryAppUITests;
				PRODUCT_NAME = "$(TARGET_NAME)";
				SWIFT_EMIT_LOC_STRINGS = NO;
				SWIFT_VERSION = 6.0;
				TARGETED_DEVICE_FAMILY = 1;
				TEST_TARGET_NAME = iPhonePhotogrammetryApp;
			};
			name = Debug;
		};
		BEFCB30D2EF9E25F0097CBEE /* Release */ = {
			isa = XCBuildConfiguration;
			buildSettings = {
				CODE_SIGN_STYLE = Automatic;
				CURRENT_PROJECT_VERSION = 1;
				GENERATE_INFOPLIST_FILE = YES;
				MARKETING_VERSION = 1.0;
				PRODUCT_BUNDLE_IDENTIFIER = Zimodro.iPhonePhotogrammetryAppUITests;
				PRODUCT_NAME = "$(TARGET_NAME)";
				SWIFT_EMIT_LOC_STRINGS = NO;
				SWIFT_VERSION = 6.0;
				TARGETED_DEVICE_FAMILY = 1;
				TEST_TARGET_NAME = iPhonePhotogrammetryApp;
			};
			name = Release;
		};
/* End XCBuildConfiguration section */

/* Begin XCConfigurationList section */
		BEB650832F8E61C000FAB3C7 /* Build configuration list for PBXNativeTarget "MacVisionBuilder" */ = {
			isa = XCConfigurationList;
			buildConfigurations = (
				BEB650842F8E61C000FAB3C7 /* Debug */,
				BEB650852F8E61C000FAB3C7 /* Release */,
			);
			defaultConfigurationIsVisible = 0;
			defaultConfigurationName = Release;
		};
		BEFCB2DA2EF9E25D0097CBEE /* Build configuration list for PBXProject "iPhonePhotogrammetryApp" */ = {
			isa = XCConfigurationList;
			buildConfigurations = (
				BEFCB3032EF9E25F0097CBEE /* Debug */,
				BEFCB3042EF9E25F0097CBEE /* Release */,
			);
			defaultConfigurationIsVisible = 0;
			defaultConfigurationName = Release;
		};
		BEFCB3052EF9E25F0097CBEE /* Build configuration list for PBXNativeTarget "iPhonePhotogrammetryApp" */ = {
			isa = XCConfigurationList;
			buildConfigurations = (
				BEFCB3062EF9E25F0097CBEE /* Debug */,
				BEFCB3072EF9E25F0097CBEE /* Release */,
			);
			defaultConfigurationIsVisible = 0;
			defaultConfigurationName = Release;
		};
		BEFCB3082EF9E25F0097CBEE /* Build configuration list for PBXNativeTarget "iPhonePhotogrammetryAppTests" */ = {
			isa = XCConfigurationList;
			buildConfigurations = (
				BEFCB3092EF9E25F0097CBEE /* Debug */,
				BEFCB30A2EF9E25F0097CBEE /* Release */,
			);
			defaultConfigurationIsVisible = 0;
			defaultConfigurationName = Release;
		};
		BEFCB30B2EF9E25F0097CBEE /* Build configuration list for PBXNativeTarget "iPhonePhotogrammetryAppUITests" */ = {
			isa = XCConfigurationList;
			buildConfigurations = (
				BEFCB30C2EF9E25F0097CBEE /* Debug */,
				BEFCB30D2EF9E25F0097CBEE /* Release */,
			);
			defaultConfigurationIsVisible = 0;
			defaultConfigurationName = Release;
		};
/* End XCConfigurationList section */
	};
	rootObject = BEFCB2D72EF9E25D0097CBEE /* Project object */;
}
